// !$*UTF8*$!
{
	archiveVersion = 1;
	classes = {
	};
	objectVersion = 50;
	objects = {

/* Begin PBXBuildFile section */
		4C03588521BF01C800CF6129 /* main.swift in Sources */ = {isa = PBXBuildFile; fileRef = 4C03588421BF01C800CF6129 /* main.swift */; };
		4C41A60321BC860300FEF24F /* main.swift in Sources */ = {isa = PBXBuildFile; fileRef = 4C41A60221BC860300FEF24F /* main.swift */; };
		4C41A60821BC863800FEF24F /* input.swift in Sources */ = {isa = PBXBuildFile; fileRef = 4C41A60721BC863800FEF24F /* input.swift */; };
		4C471E8B21BD358800160EA4 /* main.swift in Sources */ = {isa = PBXBuildFile; fileRef = 4C471E8A21BD358800160EA4 /* main.swift */; };
		4C848AE721BECEEC00E4CD79 /* main.swift in Sources */ = {isa = PBXBuildFile; fileRef = 4C848AE621BECEEC00E4CD79 /* main.swift */; };
		4C848AEC21BECF2300E4CD79 /* input.swift in Sources */ = {isa = PBXBuildFile; fileRef = 4C848AEB21BECF2300E4CD79 /* input.swift */; };
		4C9D659221B86F5000CA1B67 /* main.swift in Sources */ = {isa = PBXBuildFile; fileRef = 4C9D659121B86F5000CA1B67 /* main.swift */; };
		4C9D659821B8705D00CA1B67 /* input.swift in Sources */ = {isa = PBXBuildFile; fileRef = 4C9D659721B86FEA00CA1B67 /* input.swift */; };
		4CEA8C2121BAE64200F5AA05 /* main.swift in Sources */ = {isa = PBXBuildFile; fileRef = 4CEA8C2021BAE64200F5AA05 /* main.swift */; };
		4CEA8C2721BAE6FD00F5AA05 /* input.swift in Sources */ = {isa = PBXBuildFile; fileRef = 4CEA8C2621BAE6FD00F5AA05 /* input.swift */; };
		4CFAEB1C21B9930D007A7B31 /* main.swift in Sources */ = {isa = PBXBuildFile; fileRef = 4CFAEB1B21B9930D007A7B31 /* main.swift */; };
		4CFAEB2121B99366007A7B31 /* input.swift in Sources */ = {isa = PBXBuildFile; fileRef = 4CFAEB2021B99366007A7B31 /* input.swift */; };
/* End PBXBuildFile section */

/* Begin PBXCopyFilesBuildPhase section */
		4C03588021BF01C800CF6129 /* CopyFiles */ = {
			isa = PBXCopyFilesBuildPhase;
			buildActionMask = 2147483647;
			dstPath = /usr/share/man/man1/;
			dstSubfolderSpec = 0;
			files = (
			);
			runOnlyForDeploymentPostprocessing = 1;
		};
		4C41A5FE21BC860300FEF24F /* CopyFiles */ = {
			isa = PBXCopyFilesBuildPhase;
			buildActionMask = 2147483647;
			dstPath = /usr/share/man/man1/;
			dstSubfolderSpec = 0;
			files = (
			);
			runOnlyForDeploymentPostprocessing = 1;
		};
		4C471E8621BD358800160EA4 /* CopyFiles */ = {
			isa = PBXCopyFilesBuildPhase;
			buildActionMask = 2147483647;
			dstPath = /usr/share/man/man1/;
			dstSubfolderSpec = 0;
			files = (
			);
			runOnlyForDeploymentPostprocessing = 1;
		};
		4C848AE221BECEEC00E4CD79 /* CopyFiles */ = {
			isa = PBXCopyFilesBuildPhase;
			buildActionMask = 2147483647;
			dstPath = /usr/share/man/man1/;
			dstSubfolderSpec = 0;
			files = (
			);
			runOnlyForDeploymentPostprocessing = 1;
		};
		4C9D658D21B86F5000CA1B67 /* CopyFiles */ = {
			isa = PBXCopyFilesBuildPhase;
			buildActionMask = 2147483647;
			dstPath = /usr/share/man/man1/;
			dstSubfolderSpec = 0;
			files = (
			);
			runOnlyForDeploymentPostprocessing = 1;
		};
		4CEA8C1C21BAE64200F5AA05 /* CopyFiles */ = {
			isa = PBXCopyFilesBuildPhase;
			buildActionMask = 2147483647;
			dstPath = /usr/share/man/man1/;
			dstSubfolderSpec = 0;
			files = (
			);
			runOnlyForDeploymentPostprocessing = 1;
		};
		4CFAEB1721B9930D007A7B31 /* CopyFiles */ = {
			isa = PBXCopyFilesBuildPhase;
			buildActionMask = 2147483647;
			dstPath = /usr/share/man/man1/;
			dstSubfolderSpec = 0;
			files = (
			);
			runOnlyForDeploymentPostprocessing = 1;
		};
/* End PBXCopyFilesBuildPhase section */

/* Begin PBXFileReference section */
		4C03588221BF01C800CF6129 /* Day11 */ = {isa = PBXFileReference; explicitFileType = "compiled.mach-o.executable"; includeInIndex = 0; path = Day11; sourceTree = BUILT_PRODUCTS_DIR; };
		4C03588421BF01C800CF6129 /* main.swift */ = {isa = PBXFileReference; lastKnownFileType = sourcecode.swift; path = main.swift; sourceTree = "<group>"; };
		4C3CBD2B21B3123200A62503 /* README.md */ = {isa = PBXFileReference; lastKnownFileType = net.daringfireball.markdown; path = README.md; sourceTree = "<group>"; };
		4C41A60021BC860300FEF24F /* Day8 */ = {isa = PBXFileReference; explicitFileType = "compiled.mach-o.executable"; includeInIndex = 0; path = Day8; sourceTree = BUILT_PRODUCTS_DIR; };
		4C41A60221BC860300FEF24F /* main.swift */ = {isa = PBXFileReference; lastKnownFileType = sourcecode.swift; path = main.swift; sourceTree = "<group>"; };
		4C41A60721BC863800FEF24F /* input.swift */ = {isa = PBXFileReference; lastKnownFileType = sourcecode.swift; path = input.swift; sourceTree = "<group>"; };
		4C471E8821BD358800160EA4 /* Day9 */ = {isa = PBXFileReference; explicitFileType = "compiled.mach-o.executable"; includeInIndex = 0; path = Day9; sourceTree = BUILT_PRODUCTS_DIR; };
		4C471E8A21BD358800160EA4 /* main.swift */ = {isa = PBXFileReference; lastKnownFileType = sourcecode.swift; path = main.swift; sourceTree = "<group>"; };
		4C848AE421BECEEC00E4CD79 /* Day10 */ = {isa = PBXFileReference; explicitFileType = "compiled.mach-o.executable"; includeInIndex = 0; path = Day10; sourceTree = BUILT_PRODUCTS_DIR; };
		4C848AE621BECEEC00E4CD79 /* main.swift */ = {isa = PBXFileReference; lastKnownFileType = sourcecode.swift; path = main.swift; sourceTree = "<group>"; };
		4C848AEB21BECF2300E4CD79 /* input.swift */ = {isa = PBXFileReference; lastKnownFileType = sourcecode.swift; path = input.swift; sourceTree = "<group>"; };
		4C9D658F21B86F5000CA1B67 /* Day5 */ = {isa = PBXFileReference; explicitFileType = "compiled.mach-o.executable"; includeInIndex = 0; path = Day5; sourceTree = BUILT_PRODUCTS_DIR; };
		4C9D659121B86F5000CA1B67 /* main.swift */ = {isa = PBXFileReference; lastKnownFileType = sourcecode.swift; path = main.swift; sourceTree = "<group>"; };
		4C9D659721B86FEA00CA1B67 /* input.swift */ = {isa = PBXFileReference; lastKnownFileType = sourcecode.swift; path = input.swift; sourceTree = "<group>"; };
		4CD1FD3921B30E410053C746 /* Advent of Code 2018.playground */ = {isa = PBXFileReference; lastKnownFileType = file.playground; path = "Advent of Code 2018.playground"; sourceTree = "<group>"; };
		4CEA8C1E21BAE64200F5AA05 /* Day7 */ = {isa = PBXFileReference; explicitFileType = "compiled.mach-o.executable"; includeInIndex = 0; path = Day7; sourceTree = BUILT_PRODUCTS_DIR; };
		4CEA8C2021BAE64200F5AA05 /* main.swift */ = {isa = PBXFileReference; lastKnownFileType = sourcecode.swift; path = main.swift; sourceTree = "<group>"; };
		4CEA8C2621BAE6FD00F5AA05 /* input.swift */ = {isa = PBXFileReference; lastKnownFileType = sourcecode.swift; path = input.swift; sourceTree = "<group>"; };
		4CFAEB1921B9930D007A7B31 /* Day6 */ = {isa = PBXFileReference; explicitFileType = "compiled.mach-o.executable"; includeInIndex = 0; path = Day6; sourceTree = BUILT_PRODUCTS_DIR; };
		4CFAEB1B21B9930D007A7B31 /* main.swift */ = {isa = PBXFileReference; lastKnownFileType = sourcecode.swift; path = main.swift; sourceTree = "<group>"; };
		4CFAEB2021B99366007A7B31 /* input.swift */ = {isa = PBXFileReference; lastKnownFileType = sourcecode.swift; path = input.swift; sourceTree = "<group>"; };
/* End PBXFileReference section */

/* Begin PBXFrameworksBuildPhase section */
		4C03587F21BF01C800CF6129 /* Frameworks */ = {
			isa = PBXFrameworksBuildPhase;
			buildActionMask = 2147483647;
			files = (
			);
			runOnlyForDeploymentPostprocessing = 0;
		};
		4C41A5FD21BC860300FEF24F /* Frameworks */ = {
			isa = PBXFrameworksBuildPhase;
			buildActionMask = 2147483647;
			files = (
			);
			runOnlyForDeploymentPostprocessing = 0;
		};
		4C471E8521BD358800160EA4 /* Frameworks */ = {
			isa = PBXFrameworksBuildPhase;
			buildActionMask = 2147483647;
			files = (
			);
			runOnlyForDeploymentPostprocessing = 0;
		};
		4C848AE121BECEEC00E4CD79 /* Frameworks */ = {
			isa = PBXFrameworksBuildPhase;
			buildActionMask = 2147483647;
			files = (
			);
			runOnlyForDeploymentPostprocessing = 0;
		};
		4C9D658C21B86F5000CA1B67 /* Frameworks */ = {
			isa = PBXFrameworksBuildPhase;
			buildActionMask = 2147483647;
			files = (
			);
			runOnlyForDeploymentPostprocessing = 0;
		};
		4CEA8C1B21BAE64200F5AA05 /* Frameworks */ = {
			isa = PBXFrameworksBuildPhase;
			buildActionMask = 2147483647;
			files = (
			);
			runOnlyForDeploymentPostprocessing = 0;
		};
		4CFAEB1621B9930D007A7B31 /* Frameworks */ = {
			isa = PBXFrameworksBuildPhase;
			buildActionMask = 2147483647;
			files = (
			);
			runOnlyForDeploymentPostprocessing = 0;
		};
/* End PBXFrameworksBuildPhase section */

/* Begin PBXGroup section */
		4C03588321BF01C800CF6129 /* Day11 */ = {
			isa = PBXGroup;
			children = (
				4C03588421BF01C800CF6129 /* main.swift */,
			);
			path = Day11;
			sourceTree = "<group>";
		};
		4C41A60121BC860300FEF24F /* Day8 */ = {
			isa = PBXGroup;
			children = (
				4C41A60721BC863800FEF24F /* input.swift */,
				4C41A60221BC860300FEF24F /* main.swift */,
			);
			path = Day8;
			sourceTree = "<group>";
		};
		4C471E8921BD358800160EA4 /* Day9 */ = {
			isa = PBXGroup;
			children = (
				4C471E8A21BD358800160EA4 /* main.swift */,
			);
			path = Day9;
			sourceTree = "<group>";
		};
		4C848AE521BECEEC00E4CD79 /* Day10 */ = {
			isa = PBXGroup;
			children = (
				4C848AEB21BECF2300E4CD79 /* input.swift */,
				4C848AE621BECEEC00E4CD79 /* main.swift */,
			);
			path = Day10;
			sourceTree = "<group>";
		};
		4C9D659021B86F5000CA1B67 /* Day5 */ = {
			isa = PBXGroup;
			children = (
				4C9D659721B86FEA00CA1B67 /* input.swift */,
				4C9D659121B86F5000CA1B67 /* main.swift */,
			);
			path = Day5;
			sourceTree = "<group>";
		};
		4CD1FD2621B30E100053C746 = {
			isa = PBXGroup;
			children = (
				4CD1FD3921B30E410053C746 /* Advent of Code 2018.playground */,
				4C9D659021B86F5000CA1B67 /* Day5 */,
				4CFAEB1A21B9930D007A7B31 /* Day6 */,
				4CEA8C1F21BAE64200F5AA05 /* Day7 */,
				4C41A60121BC860300FEF24F /* Day8 */,
				4C471E8921BD358800160EA4 /* Day9 */,
				4C848AE521BECEEC00E4CD79 /* Day10 */,
				4C03588321BF01C800CF6129 /* Day11 */,
				4C9D658F21B86F5000CA1B67 /* Day5 */,
				4CFAEB1921B9930D007A7B31 /* Day6 */,
				4CEA8C1E21BAE64200F5AA05 /* Day7 */,
				4C41A60021BC860300FEF24F /* Day8 */,
				4C471E8821BD358800160EA4 /* Day9 */,
				4C848AE421BECEEC00E4CD79 /* Day10 */,
				4C03588221BF01C800CF6129 /* Day11 */,
				4C3CBD2B21B3123200A62503 /* README.md */,
			);
			sourceTree = "<group>";
		};
		4CEA8C1F21BAE64200F5AA05 /* Day7 */ = {
			isa = PBXGroup;
			children = (
				4CEA8C2621BAE6FD00F5AA05 /* input.swift */,
				4CEA8C2021BAE64200F5AA05 /* main.swift */,
			);
			path = Day7;
			sourceTree = "<group>";
		};
		4CFAEB1A21B9930D007A7B31 /* Day6 */ = {
			isa = PBXGroup;
			children = (
				4CFAEB2021B99366007A7B31 /* input.swift */,
				4CFAEB1B21B9930D007A7B31 /* main.swift */,
			);
			path = Day6;
			sourceTree = "<group>";
		};
/* End PBXGroup section */

/* Begin PBXNativeTarget section */
		4C03588121BF01C800CF6129 /* Day11 */ = {
			isa = PBXNativeTarget;
			buildConfigurationList = 4C03588821BF01C800CF6129 /* Build configuration list for PBXNativeTarget "Day11" */;
			buildPhases = (
				4C03587E21BF01C800CF6129 /* Sources */,
				4C03587F21BF01C800CF6129 /* Frameworks */,
				4C03588021BF01C800CF6129 /* CopyFiles */,
			);
			buildRules = (
			);
			dependencies = (
			);
			name = Day11;
			productName = Day11;
			productReference = 4C03588221BF01C800CF6129 /* Day11 */;
			productType = "com.apple.product-type.tool";
		};
		4C41A5FF21BC860300FEF24F /* Day8 */ = {
			isa = PBXNativeTarget;
			buildConfigurationList = 4C41A60621BC860300FEF24F /* Build configuration list for PBXNativeTarget "Day8" */;
			buildPhases = (
				4C41A5FC21BC860300FEF24F /* Sources */,
				4C41A5FD21BC860300FEF24F /* Frameworks */,
				4C41A5FE21BC860300FEF24F /* CopyFiles */,
			);
			buildRules = (
			);
			dependencies = (
			);
			name = Day8;
			productName = Day8;
			productReference = 4C41A60021BC860300FEF24F /* Day8 */;
			productType = "com.apple.product-type.tool";
		};
		4C471E8721BD358800160EA4 /* Day9 */ = {
			isa = PBXNativeTarget;
			buildConfigurationList = 4C471E8E21BD358800160EA4 /* Build configuration list for PBXNativeTarget "Day9" */;
			buildPhases = (
				4C471E8421BD358800160EA4 /* Sources */,
				4C471E8521BD358800160EA4 /* Frameworks */,
				4C471E8621BD358800160EA4 /* CopyFiles */,
			);
			buildRules = (
			);
			dependencies = (
			);
			name = Day9;
			productName = Day9;
			productReference = 4C471E8821BD358800160EA4 /* Day9 */;
			productType = "com.apple.product-type.tool";
		};
		4C848AE321BECEEC00E4CD79 /* Day10 */ = {
			isa = PBXNativeTarget;
			buildConfigurationList = 4C848AEA21BECEEC00E4CD79 /* Build configuration list for PBXNativeTarget "Day10" */;
			buildPhases = (
				4C848AE021BECEEC00E4CD79 /* Sources */,
				4C848AE121BECEEC00E4CD79 /* Frameworks */,
				4C848AE221BECEEC00E4CD79 /* CopyFiles */,
			);
			buildRules = (
			);
			dependencies = (
			);
			name = Day10;
			productName = Day10;
			productReference = 4C848AE421BECEEC00E4CD79 /* Day10 */;
			productType = "com.apple.product-type.tool";
		};
		4C9D658E21B86F5000CA1B67 /* Day5 */ = {
			isa = PBXNativeTarget;
			buildConfigurationList = 4C9D659521B86F5000CA1B67 /* Build configuration list for PBXNativeTarget "Day5" */;
			buildPhases = (
				4C9D658B21B86F5000CA1B67 /* Sources */,
				4C9D658C21B86F5000CA1B67 /* Frameworks */,
				4C9D658D21B86F5000CA1B67 /* CopyFiles */,
			);
			buildRules = (
			);
			dependencies = (
			);
			name = Day5;
			productName = Day5;
			productReference = 4C9D658F21B86F5000CA1B67 /* Day5 */;
			productType = "com.apple.product-type.tool";
		};
		4CEA8C1D21BAE64200F5AA05 /* Day7 */ = {
			isa = PBXNativeTarget;
			buildConfigurationList = 4CEA8C2421BAE64200F5AA05 /* Build configuration list for PBXNativeTarget "Day7" */;
			buildPhases = (
				4CEA8C1A21BAE64200F5AA05 /* Sources */,
				4CEA8C1B21BAE64200F5AA05 /* Frameworks */,
				4CEA8C1C21BAE64200F5AA05 /* CopyFiles */,
			);
			buildRules = (
			);
			dependencies = (
			);
			name = Day7;
			productName = Day7;
			productReference = 4CEA8C1E21BAE64200F5AA05 /* Day7 */;
			productType = "com.apple.product-type.tool";
		};
		4CFAEB1821B9930D007A7B31 /* Day6 */ = {
			isa = PBXNativeTarget;
			buildConfigurationList = 4CFAEB1F21B9930D007A7B31 /* Build configuration list for PBXNativeTarget "Day6" */;
			buildPhases = (
				4CFAEB1521B9930D007A7B31 /* Sources */,
				4CFAEB1621B9930D007A7B31 /* Frameworks */,
				4CFAEB1721B9930D007A7B31 /* CopyFiles */,
			);
			buildRules = (
			);
			dependencies = (
			);
			name = Day6;
			productName = Day6;
			productReference = 4CFAEB1921B9930D007A7B31 /* Day6 */;
			productType = "com.apple.product-type.tool";
		};
/* End PBXNativeTarget section */

/* Begin PBXProject section */
		4CD1FD2721B30E100053C746 /* Project object */ = {
			isa = PBXProject;
			attributes = {
				LastSwiftUpdateCheck = 1010;
				LastUpgradeCheck = 1010;
				ORGANIZATIONNAME = "Michael Fenske";
				TargetAttributes = {
					4C03588121BF01C800CF6129 = {
						CreatedOnToolsVersion = 10.1;
					};
					4C41A5FF21BC860300FEF24F = {
						CreatedOnToolsVersion = 10.1;
					};
					4C471E8721BD358800160EA4 = {
						CreatedOnToolsVersion = 10.1;
					};
					4C848AE321BECEEC00E4CD79 = {
						CreatedOnToolsVersion = 10.1;
					};
					4C9D658E21B86F5000CA1B67 = {
						CreatedOnToolsVersion = 10.1;
					};
					4CEA8C1D21BAE64200F5AA05 = {
						CreatedOnToolsVersion = 10.1;
					};
					4CFAEB1821B9930D007A7B31 = {
						CreatedOnToolsVersion = 10.1;
					};
				};
			};
			buildConfigurationList = 4CD1FD2A21B30E100053C746 /* Build configuration list for PBXProject "Advent of Code 2018" */;
			compatibilityVersion = "Xcode 9.3";
			developmentRegion = en;
			hasScannedForEncodings = 0;
			knownRegions = (
				en,
			);
			mainGroup = 4CD1FD2621B30E100053C746;
			productRefGroup = 4CD1FD2621B30E100053C746;
			projectDirPath = "";
			projectRoot = "";
			targets = (
				4C9D658E21B86F5000CA1B67 /* Day5 */,
				4CFAEB1821B9930D007A7B31 /* Day6 */,
				4CEA8C1D21BAE64200F5AA05 /* Day7 */,
				4C41A5FF21BC860300FEF24F /* Day8 */,
				4C471E8721BD358800160EA4 /* Day9 */,
				4C848AE321BECEEC00E4CD79 /* Day10 */,
				4C03588121BF01C800CF6129 /* Day11 */,
			);
		};
/* End PBXProject section */

/* Begin PBXSourcesBuildPhase section */
		4C03587E21BF01C800CF6129 /* Sources */ = {
			isa = PBXSourcesBuildPhase;
			buildActionMask = 2147483647;
			files = (
				4C03588521BF01C800CF6129 /* main.swift in Sources */,
			);
			runOnlyForDeploymentPostprocessing = 0;
		};
		4C41A5FC21BC860300FEF24F /* Sources */ = {
			isa = PBXSourcesBuildPhase;
			buildActionMask = 2147483647;
			files = (
				4C41A60821BC863800FEF24F /* input.swift in Sources */,
				4C41A60321BC860300FEF24F /* main.swift in Sources */,
			);
			runOnlyForDeploymentPostprocessing = 0;
		};
		4C471E8421BD358800160EA4 /* Sources */ = {
			isa = PBXSourcesBuildPhase;
			buildActionMask = 2147483647;
			files = (
				4C471E8B21BD358800160EA4 /* main.swift in Sources */,
			);
			runOnlyForDeploymentPostprocessing = 0;
		};
		4C848AE021BECEEC00E4CD79 /* Sources */ = {
			isa = PBXSourcesBuildPhase;
			buildActionMask = 2147483647;
			files = (
				4C848AEC21BECF2300E4CD79 /* input.swift in Sources */,
				4C848AE721BECEEC00E4CD79 /* main.swift in Sources */,
			);
			runOnlyForDeploymentPostprocessing = 0;
		};
		4C9D658B21B86F5000CA1B67 /* Sources */ = {
			isa = PBXSourcesBuildPhase;
			buildActionMask = 2147483647;
			files = (
				4C9D659821B8705D00CA1B67 /* input.swift in Sources */,
				4C9D659221B86F5000CA1B67 /* main.swift in Sources */,
			);
			runOnlyForDeploymentPostprocessing = 0;
		};
		4CEA8C1A21BAE64200F5AA05 /* Sources */ = {
			isa = PBXSourcesBuildPhase;
			buildActionMask = 2147483647;
			files = (
				4CEA8C2721BAE6FD00F5AA05 /* input.swift in Sources */,
				4CEA8C2121BAE64200F5AA05 /* main.swift in Sources */,
			);
			runOnlyForDeploymentPostprocessing = 0;
		};
		4CFAEB1521B9930D007A7B31 /* Sources */ = {
			isa = PBXSourcesBuildPhase;
			buildActionMask = 2147483647;
			files = (
				4CFAEB2121B99366007A7B31 /* input.swift in Sources */,
				4CFAEB1C21B9930D007A7B31 /* main.swift in Sources */,
			);
			runOnlyForDeploymentPostprocessing = 0;
		};
/* End PBXSourcesBuildPhase section */

/* Begin XCBuildConfiguration section */
		4C03588621BF01C800CF6129 /* Debug */ = {
			isa = XCBuildConfiguration;
			buildSettings = {
				CODE_SIGN_STYLE = Automatic;
				DEVELOPMENT_TEAM = DHBZWL349Q;
				PRODUCT_NAME = "$(TARGET_NAME)";
				SWIFT_VERSION = 4.2;
			};
			name = Debug;
		};
		4C03588721BF01C800CF6129 /* Release */ = {
			isa = XCBuildConfiguration;
			buildSettings = {
				CODE_SIGN_STYLE = Automatic;
				DEVELOPMENT_TEAM = DHBZWL349Q;
				PRODUCT_NAME = "$(TARGET_NAME)";
				SWIFT_VERSION = 4.2;
			};
			name = Release;
		};
		4C41A60421BC860300FEF24F /* Debug */ = {
			isa = XCBuildConfiguration;
			buildSettings = {
				CODE_SIGN_STYLE = Automatic;
				DEVELOPMENT_TEAM = DHBZWL349Q;
				PRODUCT_NAME = "$(TARGET_NAME)";
				SWIFT_VERSION = 4.2;
			};
			name = Debug;
		};
		4C41A60521BC860300FEF24F /* Release */ = {
			isa = XCBuildConfiguration;
			buildSettings = {
				CODE_SIGN_STYLE = Automatic;
				DEVELOPMENT_TEAM = DHBZWL349Q;
				PRODUCT_NAME = "$(TARGET_NAME)";
				SWIFT_VERSION = 4.2;
			};
			name = Release;
		};
		4C471E8C21BD358800160EA4 /* Debug */ = {
			isa = XCBuildConfiguration;
			buildSettings = {
				CODE_SIGN_STYLE = Automatic;
				DEVELOPMENT_TEAM = DHBZWL349Q;
				PRODUCT_NAME = "$(TARGET_NAME)";
				SWIFT_VERSION = 4.2;
			};
			name = Debug;
		};
		4C471E8D21BD358800160EA4 /* Release */ = {
			isa = XCBuildConfiguration;
			buildSettings = {
				CODE_SIGN_STYLE = Automatic;
				DEVELOPMENT_TEAM = DHBZWL349Q;
				PRODUCT_NAME = "$(TARGET_NAME)";
				SWIFT_VERSION = 4.2;
			};
			name = Release;
		};
		4C848AE821BECEEC00E4CD79 /* Debug */ = {
			isa = XCBuildConfiguration;
			buildSettings = {
				CODE_SIGN_STYLE = Automatic;
				DEVELOPMENT_TEAM = DHBZWL349Q;
				PRODUCT_NAME = "$(TARGET_NAME)";
				SWIFT_VERSION = 4.2;
			};
			name = Debug;
		};
		4C848AE921BECEEC00E4CD79 /* Release */ = {
			isa = XCBuildConfiguration;
			buildSettings = {
				CODE_SIGN_STYLE = Automatic;
				DEVELOPMENT_TEAM = DHBZWL349Q;
				PRODUCT_NAME = "$(TARGET_NAME)";
				SWIFT_VERSION = 4.2;
			};
			name = Release;
		};
		4C9D659321B86F5000CA1B67 /* Debug */ = {
			isa = XCBuildConfiguration;
			buildSettings = {
				CODE_SIGN_STYLE = Automatic;
				DEVELOPMENT_TEAM = DHBZWL349Q;
				PRODUCT_NAME = "$(TARGET_NAME)";
				SWIFT_VERSION = 4.2;
			};
			name = Debug;
		};
		4C9D659421B86F5000CA1B67 /* Release */ = {
			isa = XCBuildConfiguration;
			buildSettings = {
				CODE_SIGN_STYLE = Automatic;
				DEVELOPMENT_TEAM = DHBZWL349Q;
				PRODUCT_NAME = "$(TARGET_NAME)";
				SWIFT_VERSION = 4.2;
			};
			name = Release;
		};
		4CD1FD3421B30E100053C746 /* Debug */ = {
			isa = XCBuildConfiguration;
			buildSettings = {
				ALWAYS_SEARCH_USER_PATHS = NO;
				CLANG_ANALYZER_NONNULL = YES;
				CLANG_ANALYZER_NUMBER_OBJECT_CONVERSION = YES_AGGRESSIVE;
				CLANG_CXX_LANGUAGE_STANDARD = "gnu++14";
				CLANG_CXX_LIBRARY = "libc++";
				CLANG_ENABLE_MODULES = YES;
				CLANG_ENABLE_OBJC_ARC = YES;
				CLANG_ENABLE_OBJC_WEAK = YES;
				CLANG_WARN_BLOCK_CAPTURE_AUTORELEASING = YES;
				CLANG_WARN_BOOL_CONVERSION = YES;
				CLANG_WARN_COMMA = YES;
				CLANG_WARN_CONSTANT_CONVERSION = YES;
				CLANG_WARN_DEPRECATED_OBJC_IMPLEMENTATIONS = YES;
				CLANG_WARN_DIRECT_OBJC_ISA_USAGE = YES_ERROR;
				CLANG_WARN_DOCUMENTATION_COMMENTS = YES;
				CLANG_WARN_EMPTY_BODY = YES;
				CLANG_WARN_ENUM_CONVERSION = YES;
				CLANG_WARN_INFINITE_RECURSION = YES;
				CLANG_WARN_INT_CONVERSION = YES;
				CLANG_WARN_NON_LITERAL_NULL_CONVERSION = YES;
				CLANG_WARN_OBJC_IMPLICIT_RETAIN_SELF = YES;
				CLANG_WARN_OBJC_LITERAL_CONVERSION = YES;
				CLANG_WARN_OBJC_ROOT_CLASS = YES_ERROR;
				CLANG_WARN_RANGE_LOOP_ANALYSIS = YES;
				CLANG_WARN_STRICT_PROTOTYPES = YES;
				CLANG_WARN_SUSPICIOUS_MOVE = YES;
				CLANG_WARN_UNGUARDED_AVAILABILITY = YES_AGGRESSIVE;
				CLANG_WARN_UNREACHABLE_CODE = YES;
				CLANG_WARN__DUPLICATE_METHOD_MATCH = YES;
				CODE_SIGN_IDENTITY = "Mac Developer";
				COPY_PHASE_STRIP = NO;
				DEBUG_INFORMATION_FORMAT = dwarf;
				ENABLE_STRICT_OBJC_MSGSEND = YES;
				ENABLE_TESTABILITY = YES;
				GCC_C_LANGUAGE_STANDARD = gnu11;
				GCC_DYNAMIC_NO_PIC = NO;
				GCC_NO_COMMON_BLOCKS = YES;
				GCC_OPTIMIZATION_LEVEL = 0;
				GCC_PREPROCESSOR_DEFINITIONS = (
					"DEBUG=1",
					"$(inherited)",
				);
				GCC_WARN_64_TO_32_BIT_CONVERSION = YES;
				GCC_WARN_ABOUT_RETURN_TYPE = YES_ERROR;
				GCC_WARN_UNDECLARED_SELECTOR = YES;
				GCC_WARN_UNINITIALIZED_AUTOS = YES_AGGRESSIVE;
				GCC_WARN_UNUSED_FUNCTION = YES;
				GCC_WARN_UNUSED_VARIABLE = YES;
				MACOSX_DEPLOYMENT_TARGET = 10.14;
				MTL_ENABLE_DEBUG_INFO = INCLUDE_SOURCE;
				MTL_FAST_MATH = YES;
				ONLY_ACTIVE_ARCH = YES;
				SDKROOT = macosx;
				SWIFT_ACTIVE_COMPILATION_CONDITIONS = DEBUG;
				SWIFT_OPTIMIZATION_LEVEL = "-Onone";
			};
			name = Debug;
		};
		4CD1FD3521B30E100053C746 /* Release */ = {
			isa = XCBuildConfiguration;
			buildSettings = {
				ALWAYS_SEARCH_USER_PATHS = NO;
				CLANG_ANALYZER_NONNULL = YES;
				CLANG_ANALYZER_NUMBER_OBJECT_CONVERSION = YES_AGGRESSIVE;
				CLANG_CXX_LANGUAGE_STANDARD = "gnu++14";
				CLANG_CXX_LIBRARY = "libc++";
				CLANG_ENABLE_MODULES = YES;
				CLANG_ENABLE_OBJC_ARC = YES;
				CLANG_ENABLE_OBJC_WEAK = YES;
				CLANG_WARN_BLOCK_CAPTURE_AUTORELEASING = YES;
				CLANG_WARN_BOOL_CONVERSION = YES;
				CLANG_WARN_COMMA = YES;
				CLANG_WARN_CONSTANT_CONVERSION = YES;
				CLANG_WARN_DEPRECATED_OBJC_IMPLEMENTATIONS = YES;
				CLANG_WARN_DIRECT_OBJC_ISA_USAGE = YES_ERROR;
				CLANG_WARN_DOCUMENTATION_COMMENTS = YES;
				CLANG_WARN_EMPTY_BODY = YES;
				CLANG_WARN_ENUM_CONVERSION = YES;
				CLANG_WARN_INFINITE_RECURSION = YES;
				CLANG_WARN_INT_CONVERSION = YES;
				CLANG_WARN_NON_LITERAL_NULL_CONVERSION = YES;
				CLANG_WARN_OBJC_IMPLICIT_RETAIN_SELF = YES;
				CLANG_WARN_OBJC_LITERAL_CONVERSION = YES;
				CLANG_WARN_OBJC_ROOT_CLASS = YES_ERROR;
				CLANG_WARN_RANGE_LOOP_ANALYSIS = YES;
				CLANG_WARN_STRICT_PROTOTYPES = YES;
				CLANG_WARN_SUSPICIOUS_MOVE = YES;
				CLANG_WARN_UNGUARDED_AVAILABILITY = YES_AGGRESSIVE;
				CLANG_WARN_UNREACHABLE_CODE = YES;
				CLANG_WARN__DUPLICATE_METHOD_MATCH = YES;
				CODE_SIGN_IDENTITY = "Mac Developer";
				COPY_PHASE_STRIP = NO;
				DEBUG_INFORMATION_FORMAT = "dwarf-with-dsym";
				ENABLE_NS_ASSERTIONS = NO;
				ENABLE_STRICT_OBJC_MSGSEND = YES;
				GCC_C_LANGUAGE_STANDARD = gnu11;
				GCC_NO_COMMON_BLOCKS = YES;
				GCC_WARN_64_TO_32_BIT_CONVERSION = YES;
				GCC_WARN_ABOUT_RETURN_TYPE = YES_ERROR;
				GCC_WARN_UNDECLARED_SELECTOR = YES;
				GCC_WARN_UNINITIALIZED_AUTOS = YES_AGGRESSIVE;
				GCC_WARN_UNUSED_FUNCTION = YES;
				GCC_WARN_UNUSED_VARIABLE = YES;
				MACOSX_DEPLOYMENT_TARGET = 10.14;
				MTL_ENABLE_DEBUG_INFO = NO;
				MTL_FAST_MATH = YES;
				SDKROOT = macosx;
				SWIFT_COMPILATION_MODE = wholemodule;
				SWIFT_OPTIMIZATION_LEVEL = "-O";
			};
			name = Release;
		};
		4CEA8C2221BAE64200F5AA05 /* Debug */ = {
			isa = XCBuildConfiguration;
			buildSettings = {
				CODE_SIGN_STYLE = Automatic;
				DEVELOPMENT_TEAM = DHBZWL349Q;
				PRODUCT_NAME = "$(TARGET_NAME)";
				SWIFT_VERSION = 4.2;
			};
			name = Debug;
		};
		4CEA8C2321BAE64200F5AA05 /* Release */ = {
			isa = XCBuildConfiguration;
			buildSettings = {
				CODE_SIGN_STYLE = Automatic;
				DEVELOPMENT_TEAM = DHBZWL349Q;
				PRODUCT_NAME = "$(TARGET_NAME)";
				SWIFT_VERSION = 4.2;
			};
			name = Release;
		};
		4CFAEB1D21B9930D007A7B31 /* Debug */ = {
			isa = XCBuildConfiguration;
			buildSettings = {
				CODE_SIGN_STYLE = Automatic;
				DEVELOPMENT_TEAM = DHBZWL349Q;
				PRODUCT_NAME = "$(TARGET_NAME)";
				SWIFT_VERSION = 4.2;
			};
			name = Debug;
		};
		4CFAEB1E21B9930D007A7B31 /* Release */ = {
			isa = XCBuildConfiguration;
			buildSettings = {
				CODE_SIGN_STYLE = Automatic;
				DEVELOPMENT_TEAM = DHBZWL349Q;
				PRODUCT_NAME = "$(TARGET_NAME)";
				SWIFT_VERSION = 4.2;
			};
			name = Release;
		};
/* End XCBuildConfiguration section */

/* Begin XCConfigurationList section */
		4C03588821BF01C800CF6129 /* Build configuration list for PBXNativeTarget "Day11" */ = {
			isa = XCConfigurationList;
			buildConfigurations = (
				4C03588621BF01C800CF6129 /* Debug */,
				4C03588721BF01C800CF6129 /* Release */,
			);
			defaultConfigurationIsVisible = 0;
			defaultConfigurationName = Release;
		};
		4C41A60621BC860300FEF24F /* Build configuration list for PBXNativeTarget "Day8" */ = {
			isa = XCConfigurationList;
			buildConfigurations = (
				4C41A60421BC860300FEF24F /* Debug */,
				4C41A60521BC860300FEF24F /* Release */,
			);
			defaultConfigurationIsVisible = 0;
			defaultConfigurationName = Release;
		};
		4C471E8E21BD358800160EA4 /* Build configuration list for PBXNativeTarget "Day9" */ = {
			isa = XCConfigurationList;
			buildConfigurations = (
				4C471E8C21BD358800160EA4 /* Debug */,
				4C471E8D21BD358800160EA4 /* Release */,
			);
			defaultConfigurationIsVisible = 0;
			defaultConfigurationName = Release;
		};
		4C848AEA21BECEEC00E4CD79 /* Build configuration list for PBXNativeTarget "Day10" */ = {
			isa = XCConfigurationList;
			buildConfigurations = (
				4C848AE821BECEEC00E4CD79 /* Debug */,
				4C848AE921BECEEC00E4CD79 /* Release */,
			);
			defaultConfigurationIsVisible = 0;
			defaultConfigurationName = Release;
		};
		4C9D659521B86F5000CA1B67 /* Build configuration list for PBXNativeTarget "Day5" */ = {
			isa = XCConfigurationList;
			buildConfigurations = (
				4C9D659321B86F5000CA1B67 /* Debug */,
				4C9D659421B86F5000CA1B67 /* Release */,
			);
			defaultConfigurationIsVisible = 0;
			defaultConfigurationName = Release;
		};
		4CD1FD2A21B30E100053C746 /* Build configuration list for PBXProject "Advent of Code 2018" */ = {
			isa = XCConfigurationList;
			buildConfigurations = (
				4CD1FD3421B30E100053C746 /* Debug */,
				4CD1FD3521B30E100053C746 /* Release */,
			);
			defaultConfigurationIsVisible = 0;
			defaultConfigurationName = Release;
		};
		4CEA8C2421BAE64200F5AA05 /* Build configuration list for PBXNativeTarget "Day7" */ = {
			isa = XCConfigurationList;
			buildConfigurations = (
				4CEA8C2221BAE64200F5AA05 /* Debug */,
				4CEA8C2321BAE64200F5AA05 /* Release */,
			);
			defaultConfigurationIsVisible = 0;
			defaultConfigurationName = Release;
		};
		4CFAEB1F21B9930D007A7B31 /* Build configuration list for PBXNativeTarget "Day6" */ = {
			isa = XCConfigurationList;
			buildConfigurations = (
				4CFAEB1D21B9930D007A7B31 /* Debug */,
				4CFAEB1E21B9930D007A7B31 /* Release */,
			);
			defaultConfigurationIsVisible = 0;
			defaultConfigurationName = Release;
		};
/* End XCConfigurationList section */
	};
	rootObject = 4CD1FD2721B30E100053C746 /* Project object */;
}
